
Microsoft Visual Studio Solution File, Format Version 12.00
# Visual Studio Version 17
VisualStudioVersion = 17.14.36221.1 d17.14
MinimumVisualStudioVersion = 10.0.40219.1
Project("{FAE04EC0-301F-11D3-BF4B-00C04F79EFBC}") = "WpfApp4", "WpfApp4\WpfApp4.csproj", "{CAF8DC24-3062-44B7-96B0-75AADC9901C5}"
EndProject
Global
	GlobalSection(SolutionConfigurationPlatforms) = preSolution
		Debug|Any CPU = Debug|Any CPU
		Release|Any CPU = Release|Any CPU
	EndGlobalSection
	GlobalSection(ProjectConfigurationPlatforms) = postSolution
		{CAF8DC24-3062-44B7-96B0-75AADC9901C5}.Debug|Any CPU.ActiveCfg = Debug|Any CPU
		{CAF8DC24-3062-44B7-96B0-75AADC9901C5}.Debug|Any CPU.Build.0 = Debug|Any CPU
		{CAF8DC24-3062-44B7-96B0-75AADC9901C5}.Release|Any CPU.ActiveCfg = Release|Any CPU
		{CAF8DC24-3062-44B7-96B0-75AADC9901C5}.Release|Any CPU.Build.0 = Release|Any CPU
	EndGlobalSection
	GlobalSection(SolutionProperties) = preSolution
		HideSolutionNode = FALSE
	EndGlobalSection
	GlobalSection(ExtensibilityGlobals) = postSolution
		SolutionGuid = {39ABC71E-480E-443A-ABF6-AF464051DE83}
	EndGlobalSection
EndGlobal
